// !$*UTF8*$!
{
	archiveVersion = 1;
	classes = {
	};
	objectVersion = 56;
	objects = {

/* Begin PBXBuildFile section */
		EB4BBC752A559D3B00D75636 /* PokemonsGrid.swift in Sources */ = {isa = PBXBuildFile; fileRef = EB4BBC742A559D3B00D75636 /* PokemonsGrid.swift */; };
		EB4BBC782A55CA3F00D75636 /* PokemonDetailView.swift in Sources */ = {isa = PBXBuildFile; fileRef = EB4BBC772A55CA3F00D75636 /* PokemonDetailView.swift */; };
		EB4BBC7A2A56061600D75636 /* AbilitiesView.swift in Sources */ = {isa = PBXBuildFile; fileRef = EB4BBC792A56061600D75636 /* AbilitiesView.swift */; };
		EB4BBC7C2A56EC0700D75636 /* MovementsModel.swift in Sources */ = {isa = PBXBuildFile; fileRef = EB4BBC7B2A56EC0700D75636 /* MovementsModel.swift */; };
		EB4BBC7E2A57518D00D75636 /* PokemonsTypesModel.swift in Sources */ = {isa = PBXBuildFile; fileRef = EB4BBC7D2A57518D00D75636 /* PokemonsTypesModel.swift */; };
		EB4BBC802A57632A00D75636 /* PokemonAbilitiesModel.swift in Sources */ = {isa = PBXBuildFile; fileRef = EB4BBC7F2A57632A00D75636 /* PokemonAbilitiesModel.swift */; };
		EB7701C62A546A4100D7DCDA /* MenuOptions.swift in Sources */ = {isa = PBXBuildFile; fileRef = EB7701C52A546A4100D7DCDA /* MenuOptions.swift */; };
		EB7701CB2A546BA900D7DCDA /* SideBar.swift in Sources */ = {isa = PBXBuildFile; fileRef = EB7701CA2A546BA900D7DCDA /* SideBar.swift */; };
		EB7701CD2A546E6B00D7DCDA /* SwiftUIPrevie+Device.swift in Sources */ = {isa = PBXBuildFile; fileRef = EB7701CC2A546E6B00D7DCDA /* SwiftUIPrevie+Device.swift */; };
		EB7701CF2A54864D00D7DCDA /* NavigationRouter.swift in Sources */ = {isa = PBXBuildFile; fileRef = EB7701CE2A54864D00D7DCDA /* NavigationRouter.swift */; };
		EB7E8CD52A54C63E00436D05 /* PokemonListView.swift in Sources */ = {isa = PBXBuildFile; fileRef = EB7E8CD42A54C63E00436D05 /* PokemonListView.swift */; };
		EB7E8CD72A54C7DE00436D05 /* PokemonSingleItemList.swift in Sources */ = {isa = PBXBuildFile; fileRef = EB7E8CD62A54C7DE00436D05 /* PokemonSingleItemList.swift */; };
		EB87ACE22A5BA09200C02308 /* MockPokemonManager.swift in Sources */ = {isa = PBXBuildFile; fileRef = EB87ACE12A5BA09200C02308 /* MockPokemonManager.swift */; };
		EB87ACF22A5BB0FD00C02308 /* PokemonMockList.json in Resources */ = {isa = PBXBuildFile; fileRef = EB87ACF12A5BB0FD00C02308 /* PokemonMockList.json */; };
		EB87ACF32A5BB53100C02308 /* PokemonMockList.json in Resources */ = {isa = PBXBuildFile; fileRef = EB87ACF12A5BB0FD00C02308 /* PokemonMockList.json */; };
		EB87ACF52A5BB6DE00C02308 /* PokemonDetailMock.json in Resources */ = {isa = PBXBuildFile; fileRef = EB87ACF42A5BB6DE00C02308 /* PokemonDetailMock.json */; };
		EB87ACF62A5BB72B00C02308 /* PokemonDetailMock.json in Resources */ = {isa = PBXBuildFile; fileRef = EB87ACF42A5BB6DE00C02308 /* PokemonDetailMock.json */; };
		EB87ACFB2A5BBA0A00C02308 /* AbilitiesMockList.json in Resources */ = {isa = PBXBuildFile; fileRef = EB87ACFA2A5BBA0A00C02308 /* AbilitiesMockList.json */; };
		EB87ACFF2A5BBB1200C02308 /* MovementsMockList.json in Resources */ = {isa = PBXBuildFile; fileRef = EB87ACFE2A5BBB1200C02308 /* MovementsMockList.json */; };
		EB87AD002A5BBB2800C02308 /* AbilitiesMockList.json in Resources */ = {isa = PBXBuildFile; fileRef = EB87ACFA2A5BBA0A00C02308 /* AbilitiesMockList.json */; };
		EB87AD012A5BBB2D00C02308 /* MovementsMockList.json in Resources */ = {isa = PBXBuildFile; fileRef = EB87ACFE2A5BBB1200C02308 /* MovementsMockList.json */; };
		EB972B982A5AF5BC002985A7 /* MovesView.swift in Sources */ = {isa = PBXBuildFile; fileRef = EB972B972A5AF5BC002985A7 /* MovesView.swift */; };
		EB972B9A2A5B2F96002985A7 /* MovementListView.swift in Sources */ = {isa = PBXBuildFile; fileRef = EB972B992A5B2F96002985A7 /* MovementListView.swift */; };
		EB972BA12A5B3160002985A7 /* API.swift in Sources */ = {isa = PBXBuildFile; fileRef = EB972BA02A5B3160002985A7 /* API.swift */; };
		EB972BA32A5B31A5002985A7 /* PokemonManager.swift in Sources */ = {isa = PBXBuildFile; fileRef = EB972BA22A5B31A5002985A7 /* PokemonManager.swift */; };
		EB972BA52A5B31FD002985A7 /* MovementsManager.swift in Sources */ = {isa = PBXBuildFile; fileRef = EB972BA42A5B31FD002985A7 /* MovementsManager.swift */; };
		EB972BA92A5B33DA002985A7 /* MovementsViewModel.swift in Sources */ = {isa = PBXBuildFile; fileRef = EB972BA82A5B33DA002985A7 /* MovementsViewModel.swift */; };
		EB972BAC2A5B3CC9002985A7 /* MovementSingleListView.swift in Sources */ = {isa = PBXBuildFile; fileRef = EB972BAB2A5B3CC9002985A7 /* MovementSingleListView.swift */; };
		EB972BAE2A5B452F002985A7 /* AbilitiesManager.swift in Sources */ = {isa = PBXBuildFile; fileRef = EB972BAD2A5B452F002985A7 /* AbilitiesManager.swift */; };
		EB972BB12A5B45AA002985A7 /* AbilititesViewModel.swift in Sources */ = {isa = PBXBuildFile; fileRef = EB972BB02A5B45AA002985A7 /* AbilititesViewModel.swift */; };
		EB972BB52A5B4695002985A7 /* AbilitiesModel.swift in Sources */ = {isa = PBXBuildFile; fileRef = EB972BB42A5B4695002985A7 /* AbilitiesModel.swift */; };
		EB972BB72A5B4864002985A7 /* AbilitySingleListView.swift in Sources */ = {isa = PBXBuildFile; fileRef = EB972BB62A5B4864002985A7 /* AbilitySingleListView.swift */; };
		EB972BB92A5B48C1002985A7 /* AbilitiesListView.swift in Sources */ = {isa = PBXBuildFile; fileRef = EB972BB82A5B48C1002985A7 /* AbilitiesListView.swift */; };
		EBA545922A4DD9BC00D56AC5 /* PokeApiApp.swift in Sources */ = {isa = PBXBuildFile; fileRef = EBA545912A4DD9BC00D56AC5 /* PokeApiApp.swift */; };
		EBA545942A4DD9BC00D56AC5 /* ContentView.swift in Sources */ = {isa = PBXBuildFile; fileRef = EBA545932A4DD9BC00D56AC5 /* ContentView.swift */; };
		EBA545962A4DD9C000D56AC5 /* Assets.xcassets in Resources */ = {isa = PBXBuildFile; fileRef = EBA545952A4DD9C000D56AC5 /* Assets.xcassets */; };
		EBA545992A4DD9C000D56AC5 /* Preview Assets.xcassets in Resources */ = {isa = PBXBuildFile; fileRef = EBA545982A4DD9C000D56AC5 /* Preview Assets.xcassets */; };
		EBA545A32A4DD9C000D56AC5 /* PokeApiTests.swift in Sources */ = {isa = PBXBuildFile; fileRef = EBA545A22A4DD9C000D56AC5 /* PokeApiTests.swift */; };
		EBA545AD2A4DD9C000D56AC5 /* PokeApiUITests.swift in Sources */ = {isa = PBXBuildFile; fileRef = EBA545AC2A4DD9C000D56AC5 /* PokeApiUITests.swift */; };
		EBA545AF2A4DD9C000D56AC5 /* PokeApiUITestsLaunchTests.swift in Sources */ = {isa = PBXBuildFile; fileRef = EBA545AE2A4DD9C000D56AC5 /* PokeApiUITestsLaunchTests.swift */; };
		EBA545BD2A4DF42700D56AC5 /* ServiceManager.swift in Sources */ = {isa = PBXBuildFile; fileRef = EBA545BC2A4DF42700D56AC5 /* ServiceManager.swift */; };
		EBA545C02A4DF44B00D56AC5 /* Alamofire in Frameworks */ = {isa = PBXBuildFile; productRef = EBA545BF2A4DF44B00D56AC5 /* Alamofire */; };
		EBA545C32A4DF45800D56AC5 /* AlamofireImage in Frameworks */ = {isa = PBXBuildFile; productRef = EBA545C22A4DF45800D56AC5 /* AlamofireImage */; };
		EBA545C62A4DF7A100D56AC5 /* OSLog+Utils.swift in Sources */ = {isa = PBXBuildFile; fileRef = EBA545C52A4DF7A100D56AC5 /* OSLog+Utils.swift */; };
		EBA545C82A4DF8AB00D56AC5 /* PokemonSingleGridView.swift in Sources */ = {isa = PBXBuildFile; fileRef = EBA545C72A4DF8AB00D56AC5 /* PokemonSingleGridView.swift */; };
		EBA545CB2A4DF8ED00D56AC5 /* PokemonModel.swift in Sources */ = {isa = PBXBuildFile; fileRef = EBA545CA2A4DF8ED00D56AC5 /* PokemonModel.swift */; };
		EBA545CD2A4DFA3800D56AC5 /* PokemonsViewModel.swift in Sources */ = {isa = PBXBuildFile; fileRef = EBA545CC2A4DFA3800D56AC5 /* PokemonsViewModel.swift */; };
		EBA545CF2A4DFA5200D56AC5 /* PokemonDetailModel.swift in Sources */ = {isa = PBXBuildFile; fileRef = EBA545CE2A4DFA5200D56AC5 /* PokemonDetailModel.swift */; };
		EBE2549A2A59D4D60055D252 /* PokemonDetailViewModel.swift in Sources */ = {isa = PBXBuildFile; fileRef = EBE254992A59D4D60055D252 /* PokemonDetailViewModel.swift */; };
/* End PBXBuildFile section */

/* Begin PBXContainerItemProxy section */
		EBA5459F2A4DD9C000D56AC5 /* PBXContainerItemProxy */ = {
			isa = PBXContainerItemProxy;
			containerPortal = EBA545862A4DD9BC00D56AC5 /* Project object */;
			proxyType = 1;
			remoteGlobalIDString = EBA5458D2A4DD9BC00D56AC5;
			remoteInfo = PokeApi;
		};
		EBA545A92A4DD9C000D56AC5 /* PBXContainerItemProxy */ = {
			isa = PBXContainerItemProxy;
			containerPortal = EBA545862A4DD9BC00D56AC5 /* Project object */;
			proxyType = 1;
			remoteGlobalIDString = EBA5458D2A4DD9BC00D56AC5;
			remoteInfo = PokeApi;
		};
/* End PBXContainerItemProxy section */

/* Begin PBXFileReference section */
		EB4BBC742A559D3B00D75636 /* PokemonsGrid.swift */ = {isa = PBXFileReference; lastKnownFileType = sourcecode.swift; path = PokemonsGrid.swift; sourceTree = "<group>"; };
		EB4BBC772A55CA3F00D75636 /* PokemonDetailView.swift */ = {isa = PBXFileReference; lastKnownFileType = sourcecode.swift; path = PokemonDetailView.swift; sourceTree = "<group>"; };
		EB4BBC792A56061600D75636 /* AbilitiesView.swift */ = {isa = PBXFileReference; lastKnownFileType = sourcecode.swift; path = AbilitiesView.swift; sourceTree = "<group>"; };
		EB4BBC7B2A56EC0700D75636 /* MovementsModel.swift */ = {isa = PBXFileReference; lastKnownFileType = sourcecode.swift; path = MovementsModel.swift; sourceTree = "<group>"; };
		EB4BBC7D2A57518D00D75636 /* PokemonsTypesModel.swift */ = {isa = PBXFileReference; lastKnownFileType = sourcecode.swift; path = PokemonsTypesModel.swift; sourceTree = "<group>"; };
		EB4BBC7F2A57632A00D75636 /* PokemonAbilitiesModel.swift */ = {isa = PBXFileReference; lastKnownFileType = sourcecode.swift; path = PokemonAbilitiesModel.swift; sourceTree = "<group>"; };
		EB7701C52A546A4100D7DCDA /* MenuOptions.swift */ = {isa = PBXFileReference; lastKnownFileType = sourcecode.swift; path = MenuOptions.swift; sourceTree = "<group>"; };
		EB7701CA2A546BA900D7DCDA /* SideBar.swift */ = {isa = PBXFileReference; lastKnownFileType = sourcecode.swift; path = SideBar.swift; sourceTree = "<group>"; };
		EB7701CC2A546E6B00D7DCDA /* SwiftUIPrevie+Device.swift */ = {isa = PBXFileReference; lastKnownFileType = sourcecode.swift; path = "SwiftUIPrevie+Device.swift"; sourceTree = "<group>"; };
		EB7701CE2A54864D00D7DCDA /* NavigationRouter.swift */ = {isa = PBXFileReference; lastKnownFileType = sourcecode.swift; path = NavigationRouter.swift; sourceTree = "<group>"; };
		EB7E8CD42A54C63E00436D05 /* PokemonListView.swift */ = {isa = PBXFileReference; lastKnownFileType = sourcecode.swift; path = PokemonListView.swift; sourceTree = "<group>"; };
		EB7E8CD62A54C7DE00436D05 /* PokemonSingleItemList.swift */ = {isa = PBXFileReference; lastKnownFileType = sourcecode.swift; path = PokemonSingleItemList.swift; sourceTree = "<group>"; };
		EB87ACE12A5BA09200C02308 /* MockPokemonManager.swift */ = {isa = PBXFileReference; lastKnownFileType = sourcecode.swift; path = MockPokemonManager.swift; sourceTree = "<group>"; };
		EB87ACF12A5BB0FD00C02308 /* PokemonMockList.json */ = {isa = PBXFileReference; lastKnownFileType = text.json; path = PokemonMockList.json; sourceTree = "<group>"; };
		EB87ACF42A5BB6DE00C02308 /* PokemonDetailMock.json */ = {isa = PBXFileReference; lastKnownFileType = text.json; path = PokemonDetailMock.json; sourceTree = "<group>"; };
		EB87ACFA2A5BBA0A00C02308 /* AbilitiesMockList.json */ = {isa = PBXFileReference; lastKnownFileType = text.json; path = AbilitiesMockList.json; sourceTree = "<group>"; };
		EB87ACFE2A5BBB1200C02308 /* MovementsMockList.json */ = {isa = PBXFileReference; lastKnownFileType = text.json; path = MovementsMockList.json; sourceTree = "<group>"; };
		EB87AD062A5CEEDC00C02308 /* Info.plist */ = {isa = PBXFileReference; lastKnownFileType = text.plist; path = Info.plist; sourceTree = "<group>"; };
		EB972B972A5AF5BC002985A7 /* MovesView.swift */ = {isa = PBXFileReference; lastKnownFileType = sourcecode.swift; path = MovesView.swift; sourceTree = "<group>"; };
		EB972B992A5B2F96002985A7 /* MovementListView.swift */ = {isa = PBXFileReference; lastKnownFileType = sourcecode.swift; path = MovementListView.swift; sourceTree = "<group>"; };
		EB972BA02A5B3160002985A7 /* API.swift */ = {isa = PBXFileReference; lastKnownFileType = sourcecode.swift; path = API.swift; sourceTree = "<group>"; };
		EB972BA22A5B31A5002985A7 /* PokemonManager.swift */ = {isa = PBXFileReference; lastKnownFileType = sourcecode.swift; path = PokemonManager.swift; sourceTree = "<group>"; };
		EB972BA42A5B31FD002985A7 /* MovementsManager.swift */ = {isa = PBXFileReference; lastKnownFileType = sourcecode.swift; path = MovementsManager.swift; sourceTree = "<group>"; };
		EB972BA82A5B33DA002985A7 /* MovementsViewModel.swift */ = {isa = PBXFileReference; lastKnownFileType = sourcecode.swift; path = MovementsViewModel.swift; sourceTree = "<group>"; };
		EB972BAB2A5B3CC9002985A7 /* MovementSingleListView.swift */ = {isa = PBXFileReference; lastKnownFileType = sourcecode.swift; path = MovementSingleListView.swift; sourceTree = "<group>"; };
		EB972BAD2A5B452F002985A7 /* AbilitiesManager.swift */ = {isa = PBXFileReference; lastKnownFileType = sourcecode.swift; path = AbilitiesManager.swift; sourceTree = "<group>"; };
		EB972BB02A5B45AA002985A7 /* AbilititesViewModel.swift */ = {isa = PBXFileReference; lastKnownFileType = sourcecode.swift; path = AbilititesViewModel.swift; sourceTree = "<group>"; };
		EB972BB42A5B4695002985A7 /* AbilitiesModel.swift */ = {isa = PBXFileReference; lastKnownFileType = sourcecode.swift; path = AbilitiesModel.swift; sourceTree = "<group>"; };
		EB972BB62A5B4864002985A7 /* AbilitySingleListView.swift */ = {isa = PBXFileReference; lastKnownFileType = sourcecode.swift; path = AbilitySingleListView.swift; sourceTree = "<group>"; };
		EB972BB82A5B48C1002985A7 /* AbilitiesListView.swift */ = {isa = PBXFileReference; lastKnownFileType = sourcecode.swift; path = AbilitiesListView.swift; sourceTree = "<group>"; };
		EBA5458E2A4DD9BC00D56AC5 /* PokeApi.app */ = {isa = PBXFileReference; explicitFileType = wrapper.application; includeInIndex = 0; path = PokeApi.app; sourceTree = BUILT_PRODUCTS_DIR; };
		EBA545912A4DD9BC00D56AC5 /* PokeApiApp.swift */ = {isa = PBXFileReference; lastKnownFileType = sourcecode.swift; path = PokeApiApp.swift; sourceTree = "<group>"; };
		EBA545932A4DD9BC00D56AC5 /* ContentView.swift */ = {isa = PBXFileReference; lastKnownFileType = sourcecode.swift; path = ContentView.swift; sourceTree = "<group>"; };
		EBA545952A4DD9C000D56AC5 /* Assets.xcassets */ = {isa = PBXFileReference; lastKnownFileType = folder.assetcatalog; path = Assets.xcassets; sourceTree = "<group>"; };
		EBA545982A4DD9C000D56AC5 /* Preview Assets.xcassets */ = {isa = PBXFileReference; lastKnownFileType = folder.assetcatalog; path = "Preview Assets.xcassets"; sourceTree = "<group>"; };
		EBA5459E2A4DD9C000D56AC5 /* PokeApiTests.xctest */ = {isa = PBXFileReference; explicitFileType = wrapper.cfbundle; includeInIndex = 0; path = PokeApiTests.xctest; sourceTree = BUILT_PRODUCTS_DIR; };
		EBA545A22A4DD9C000D56AC5 /* PokeApiTests.swift */ = {isa = PBXFileReference; lastKnownFileType = sourcecode.swift; path = PokeApiTests.swift; sourceTree = "<group>"; };
		EBA545A82A4DD9C000D56AC5 /* PokeApiUITests.xctest */ = {isa = PBXFileReference; explicitFileType = wrapper.cfbundle; includeInIndex = 0; path = PokeApiUITests.xctest; sourceTree = BUILT_PRODUCTS_DIR; };
		EBA545AC2A4DD9C000D56AC5 /* PokeApiUITests.swift */ = {isa = PBXFileReference; lastKnownFileType = sourcecode.swift; path = PokeApiUITests.swift; sourceTree = "<group>"; };
		EBA545AE2A4DD9C000D56AC5 /* PokeApiUITestsLaunchTests.swift */ = {isa = PBXFileReference; lastKnownFileType = sourcecode.swift; path = PokeApiUITestsLaunchTests.swift; sourceTree = "<group>"; };
		EBA545BC2A4DF42700D56AC5 /* ServiceManager.swift */ = {isa = PBXFileReference; lastKnownFileType = sourcecode.swift; path = ServiceManager.swift; sourceTree = "<group>"; };
		EBA545C52A4DF7A100D56AC5 /* OSLog+Utils.swift */ = {isa = PBXFileReference; lastKnownFileType = sourcecode.swift; path = "OSLog+Utils.swift"; sourceTree = "<group>"; };
		EBA545C72A4DF8AB00D56AC5 /* PokemonSingleGridView.swift */ = {isa = PBXFileReference; lastKnownFileType = sourcecode.swift; path = PokemonSingleGridView.swift; sourceTree = "<group>"; };
		EBA545CA2A4DF8ED00D56AC5 /* PokemonModel.swift */ = {isa = PBXFileReference; lastKnownFileType = sourcecode.swift; path = PokemonModel.swift; sourceTree = "<group>"; };
		EBA545CC2A4DFA3800D56AC5 /* PokemonsViewModel.swift */ = {isa = PBXFileReference; lastKnownFileType = sourcecode.swift; path = PokemonsViewModel.swift; sourceTree = "<group>"; };
		EBA545CE2A4DFA5200D56AC5 /* PokemonDetailModel.swift */ = {isa = PBXFileReference; lastKnownFileType = sourcecode.swift; path = PokemonDetailModel.swift; sourceTree = "<group>"; };
		EBE254992A59D4D60055D252 /* PokemonDetailViewModel.swift */ = {isa = PBXFileReference; lastKnownFileType = sourcecode.swift; path = PokemonDetailViewModel.swift; sourceTree = "<group>"; };
/* End PBXFileReference section */

/* Begin PBXFrameworksBuildPhase section */
		EBA5458B2A4DD9BC00D56AC5 /* Frameworks */ = {
			isa = PBXFrameworksBuildPhase;
			buildActionMask = 2147483647;
			files = (
				EBA545C02A4DF44B00D56AC5 /* Alamofire in Frameworks */,
				EBA545C32A4DF45800D56AC5 /* AlamofireImage in Frameworks */,
			);
			runOnlyForDeploymentPostprocessing = 0;
		};
		EBA5459B2A4DD9C000D56AC5 /* Frameworks */ = {
			isa = PBXFrameworksBuildPhase;
			buildActionMask = 2147483647;
			files = (
			);
			runOnlyForDeploymentPostprocessing = 0;
		};
		EBA545A52A4DD9C000D56AC5 /* Frameworks */ = {
			isa = PBXFrameworksBuildPhase;
			buildActionMask = 2147483647;
			files = (
			);
			runOnlyForDeploymentPostprocessing = 0;
		};
/* End PBXFrameworksBuildPhase section */

/* Begin PBXGroup section */
		EB4BBC712A559C9A00D75636 /* ListViews */ = {
			isa = PBXGroup;
			children = (
				EB7E8CD42A54C63E00436D05 /* PokemonListView.swift */,
				EB7E8CD62A54C7DE00436D05 /* PokemonSingleItemList.swift */,
				EBE254992A59D4D60055D252 /* PokemonDetailViewModel.swift */,
			);
			path = ListViews;
			sourceTree = "<group>";
		};
		EB4BBC722A559CC400D75636 /* GridViews */ = {
			isa = PBXGroup;
			children = (
				EBA545C72A4DF8AB00D56AC5 /* PokemonSingleGridView.swift */,
				EB4BBC742A559D3B00D75636 /* PokemonsGrid.swift */,
			);
			path = GridViews;
			sourceTree = "<group>";
		};
		EB4BBC732A559CD400D75636 /* Modules */ = {
			isa = PBXGroup;
			children = (
				EB87AD032A5CEC1900C02308 /* Content */,
				EB7701C72A546B7700D7DCDA /* SideBar */,
				EB972B9C2A5B309A002985A7 /* Pokemon */,
				EB972B9D2A5B30A7002985A7 /* Movement */,
				EB972BAF2A5B4575002985A7 /* Abilities */,
			);
			path = Modules;
			sourceTree = "<group>";
		};
		EB4BBC762A55CA2900D75636 /* PokemonDetailView */ = {
			isa = PBXGroup;
			children = (
				EB4BBC772A55CA3F00D75636 /* PokemonDetailView.swift */,
				EB4BBC792A56061600D75636 /* AbilitiesView.swift */,
				EB972B972A5AF5BC002985A7 /* MovesView.swift */,
			);
			path = PokemonDetailView;
			sourceTree = "<group>";
		};
		EB7701C72A546B7700D7DCDA /* SideBar */ = {
			isa = PBXGroup;
			children = (
				EB7701C92A546B8D00D7DCDA /* View */,
				EB7701C82A546B8000D7DCDA /* Model */,
			);
			path = SideBar;
			sourceTree = "<group>";
		};
		EB7701C82A546B8000D7DCDA /* Model */ = {
			isa = PBXGroup;
			children = (
				EB7701C52A546A4100D7DCDA /* MenuOptions.swift */,
			);
			path = Model;
			sourceTree = "<group>";
		};
		EB7701C92A546B8D00D7DCDA /* View */ = {
			isa = PBXGroup;
			children = (
				EB7701CA2A546BA900D7DCDA /* SideBar.swift */,
				EB7701CE2A54864D00D7DCDA /* NavigationRouter.swift */,
			);
			path = View;
			sourceTree = "<group>";
		};
		EB87ACF72A5BB9BC00C02308 /* JsonMocks */ = {
			isa = PBXGroup;
			children = (
				EB87ACF12A5BB0FD00C02308 /* PokemonMockList.json */,
				EB87ACF42A5BB6DE00C02308 /* PokemonDetailMock.json */,
				EB87ACFA2A5BBA0A00C02308 /* AbilitiesMockList.json */,
				EB87ACFE2A5BBB1200C02308 /* MovementsMockList.json */,
			);
			path = JsonMocks;
			sourceTree = "<group>";
		};
		EB87AD032A5CEC1900C02308 /* Content */ = {
			isa = PBXGroup;
			children = (
				EBA545932A4DD9BC00D56AC5 /* ContentView.swift */,
			);
			path = Content;
			sourceTree = "<group>";
		};
		EB972B9C2A5B309A002985A7 /* Pokemon */ = {
			isa = PBXGroup;
			children = (
				EBA545CC2A4DFA3800D56AC5 /* PokemonsViewModel.swift */,
				EBA545C92A4DF8CF00D56AC5 /* Models */,
				EB4BBC722A559CC400D75636 /* GridViews */,
				EB4BBC712A559C9A00D75636 /* ListViews */,
				EB4BBC762A55CA2900D75636 /* PokemonDetailView */,
			);
			path = Pokemon;
			sourceTree = "<group>";
		};
		EB972B9D2A5B30A7002985A7 /* Movement */ = {
			isa = PBXGroup;
			children = (
				EB972BA82A5B33DA002985A7 /* MovementsViewModel.swift */,
				EB972BAA2A5B3C93002985A7 /* Views */,
				EB972BA72A5B3349002985A7 /* Models */,
			);
			path = Movement;
			sourceTree = "<group>";
		};
		EB972BA72A5B3349002985A7 /* Models */ = {
			isa = PBXGroup;
			children = (
				EB4BBC7B2A56EC0700D75636 /* MovementsModel.swift */,
			);
			path = Models;
			sourceTree = "<group>";
		};
		EB972BAA2A5B3C93002985A7 /* Views */ = {
			isa = PBXGroup;
			children = (
				EB972B992A5B2F96002985A7 /* MovementListView.swift */,
				EB972BAB2A5B3CC9002985A7 /* MovementSingleListView.swift */,
			);
			path = Views;
			sourceTree = "<group>";
		};
		EB972BAF2A5B4575002985A7 /* Abilities */ = {
			isa = PBXGroup;
			children = (
				EB972BB32A5B467F002985A7 /* Models */,
				EB972BB02A5B45AA002985A7 /* AbilititesViewModel.swift */,
				EB972BB22A5B45B1002985A7 /* Views */,
			);
			path = Abilities;
			sourceTree = "<group>";
		};
		EB972BB22A5B45B1002985A7 /* Views */ = {
			isa = PBXGroup;
			children = (
				EB972BB62A5B4864002985A7 /* AbilitySingleListView.swift */,
				EB972BB82A5B48C1002985A7 /* AbilitiesListView.swift */,
			);
			path = Views;
			sourceTree = "<group>";
		};
		EB972BB32A5B467F002985A7 /* Models */ = {
			isa = PBXGroup;
			children = (
				EB972BB42A5B4695002985A7 /* AbilitiesModel.swift */,
			);
			path = Models;
			sourceTree = "<group>";
		};
		EBA545852A4DD9BC00D56AC5 = {
			isa = PBXGroup;
			children = (
				EBA545902A4DD9BC00D56AC5 /* PokeApi */,
				EBA545A12A4DD9C000D56AC5 /* PokeApiTests */,
				EBA545AB2A4DD9C000D56AC5 /* PokeApiUITests */,
				EBA5458F2A4DD9BC00D56AC5 /* Products */,
			);
			sourceTree = "<group>";
		};
		EBA5458F2A4DD9BC00D56AC5 /* Products */ = {
			isa = PBXGroup;
			children = (
				EBA5458E2A4DD9BC00D56AC5 /* PokeApi.app */,
				EBA5459E2A4DD9C000D56AC5 /* PokeApiTests.xctest */,
				EBA545A82A4DD9C000D56AC5 /* PokeApiUITests.xctest */,
			);
			name = Products;
			sourceTree = "<group>";
		};
		EBA545902A4DD9BC00D56AC5 /* PokeApi */ = {
			isa = PBXGroup;
			children = (
				EB87AD062A5CEEDC00C02308 /* Info.plist */,
				EB4BBC732A559CD400D75636 /* Modules */,
				EBA545C42A4DF77500D56AC5 /* Utils */,
				EBA545BB2A4DF40A00D56AC5 /* Networking */,
				EBA545912A4DD9BC00D56AC5 /* PokeApiApp.swift */,
				EBA545952A4DD9C000D56AC5 /* Assets.xcassets */,
				EBA545972A4DD9C000D56AC5 /* Preview Content */,
			);
			path = PokeApi;
			sourceTree = "<group>";
		};
		EBA545972A4DD9C000D56AC5 /* Preview Content */ = {
			isa = PBXGroup;
			children = (
				EBA545982A4DD9C000D56AC5 /* Preview Assets.xcassets */,
			);
			path = "Preview Content";
			sourceTree = "<group>";
		};
		EBA545A12A4DD9C000D56AC5 /* PokeApiTests */ = {
			isa = PBXGroup;
			children = (
				EBA545A22A4DD9C000D56AC5 /* PokeApiTests.swift */,
				EB87ACE12A5BA09200C02308 /* MockPokemonManager.swift */,
				EB87ACF72A5BB9BC00C02308 /* JsonMocks */,
			);
			path = PokeApiTests;
			sourceTree = "<group>";
		};
		EBA545AB2A4DD9C000D56AC5 /* PokeApiUITests */ = {
			isa = PBXGroup;
			children = (
				EBA545AC2A4DD9C000D56AC5 /* PokeApiUITests.swift */,
				EBA545AE2A4DD9C000D56AC5 /* PokeApiUITestsLaunchTests.swift */,
			);
			path = PokeApiUITests;
			sourceTree = "<group>";
		};
		EBA545BB2A4DF40A00D56AC5 /* Networking */ = {
			isa = PBXGroup;
			children = (
				EBA545BC2A4DF42700D56AC5 /* ServiceManager.swift */,
				EB972BA02A5B3160002985A7 /* API.swift */,
				EB972BA22A5B31A5002985A7 /* PokemonManager.swift */,
				EB972BA42A5B31FD002985A7 /* MovementsManager.swift */,
				EB972BAD2A5B452F002985A7 /* AbilitiesManager.swift */,
			);
			path = Networking;
			sourceTree = "<group>";
		};
		EBA545C42A4DF77500D56AC5 /* Utils */ = {
			isa = PBXGroup;
			children = (
				EBA545C52A4DF7A100D56AC5 /* OSLog+Utils.swift */,
				EB7701CC2A546E6B00D7DCDA /* SwiftUIPrevie+Device.swift */,
			);
			path = Utils;
			sourceTree = "<group>";
		};
		EBA545C92A4DF8CF00D56AC5 /* Models */ = {
			isa = PBXGroup;
			children = (
				EBA545CA2A4DF8ED00D56AC5 /* PokemonModel.swift */,
				EBA545CE2A4DFA5200D56AC5 /* PokemonDetailModel.swift */,
				EB4BBC7D2A57518D00D75636 /* PokemonsTypesModel.swift */,
				EB4BBC7F2A57632A00D75636 /* PokemonAbilitiesModel.swift */,
			);
			path = Models;
			sourceTree = "<group>";
		};
/* End PBXGroup section */

/* Begin PBXNativeTarget section */
		EBA5458D2A4DD9BC00D56AC5 /* PokeApi */ = {
			isa = PBXNativeTarget;
			buildConfigurationList = EBA545B22A4DD9C000D56AC5 /* Build configuration list for PBXNativeTarget "PokeApi" */;
			buildPhases = (
				EBA5458A2A4DD9BC00D56AC5 /* Sources */,
				EBA5458B2A4DD9BC00D56AC5 /* Frameworks */,
				EBA5458C2A4DD9BC00D56AC5 /* Resources */,
			);
			buildRules = (
			);
			dependencies = (
			);
			name = PokeApi;
			packageProductDependencies = (
				EBA545BF2A4DF44B00D56AC5 /* Alamofire */,
				EBA545C22A4DF45800D56AC5 /* AlamofireImage */,
			);
			productName = PokeApi;
			productReference = EBA5458E2A4DD9BC00D56AC5 /* PokeApi.app */;
			productType = "com.apple.product-type.application";
		};
		EBA5459D2A4DD9C000D56AC5 /* PokeApiTests */ = {
			isa = PBXNativeTarget;
			buildConfigurationList = EBA545B52A4DD9C000D56AC5 /* Build configuration list for PBXNativeTarget "PokeApiTests" */;
			buildPhases = (
				EBA5459A2A4DD9C000D56AC5 /* Sources */,
				EBA5459B2A4DD9C000D56AC5 /* Frameworks */,
				EBA5459C2A4DD9C000D56AC5 /* Resources */,
			);
			buildRules = (
			);
			dependencies = (
				EBA545A02A4DD9C000D56AC5 /* PBXTargetDependency */,
			);
			name = PokeApiTests;
			productName = PokeApiTests;
			productReference = EBA5459E2A4DD9C000D56AC5 /* PokeApiTests.xctest */;
			productType = "com.apple.product-type.bundle.unit-test";
		};
		EBA545A72A4DD9C000D56AC5 /* PokeApiUITests */ = {
			isa = PBXNativeTarget;
			buildConfigurationList = EBA545B82A4DD9C000D56AC5 /* Build configuration list for PBXNativeTarget "PokeApiUITests" */;
			buildPhases = (
				EBA545A42A4DD9C000D56AC5 /* Sources */,
				EBA545A52A4DD9C000D56AC5 /* Frameworks */,
				EBA545A62A4DD9C000D56AC5 /* Resources */,
			);
			buildRules = (
			);
			dependencies = (
				EBA545AA2A4DD9C000D56AC5 /* PBXTargetDependency */,
			);
			name = PokeApiUITests;
			productName = PokeApiUITests;
			productReference = EBA545A82A4DD9C000D56AC5 /* PokeApiUITests.xctest */;
			productType = "com.apple.product-type.bundle.ui-testing";
		};
/* End PBXNativeTarget section */

/* Begin PBXProject section */
		EBA545862A4DD9BC00D56AC5 /* Project object */ = {
			isa = PBXProject;
			attributes = {
				BuildIndependentTargetsInParallel = 1;
				LastSwiftUpdateCheck = 1500;
				LastUpgradeCheck = 1500;
				TargetAttributes = {
					EBA5458D2A4DD9BC00D56AC5 = {
						CreatedOnToolsVersion = 15.0;
					};
					EBA5459D2A4DD9C000D56AC5 = {
						CreatedOnToolsVersion = 15.0;
						TestTargetID = EBA5458D2A4DD9BC00D56AC5;
					};
					EBA545A72A4DD9C000D56AC5 = {
						CreatedOnToolsVersion = 15.0;
						TestTargetID = EBA5458D2A4DD9BC00D56AC5;
					};
				};
			};
			buildConfigurationList = EBA545892A4DD9BC00D56AC5 /* Build configuration list for PBXProject "PokeApi" */;
			compatibilityVersion = "Xcode 14.0";
			developmentRegion = en;
			hasScannedForEncodings = 0;
			knownRegions = (
				en,
				Base,
			);
			mainGroup = EBA545852A4DD9BC00D56AC5;
			packageReferences = (
				EBA545BE2A4DF44B00D56AC5 /* XCRemoteSwiftPackageReference "Alamofire" */,
				EBA545C12A4DF45800D56AC5 /* XCRemoteSwiftPackageReference "AlamofireImage" */,
			);
			productRefGroup = EBA5458F2A4DD9BC00D56AC5 /* Products */;
			projectDirPath = "";
			projectRoot = "";
			targets = (
				EBA5458D2A4DD9BC00D56AC5 /* PokeApi */,
				EBA5459D2A4DD9C000D56AC5 /* PokeApiTests */,
				EBA545A72A4DD9C000D56AC5 /* PokeApiUITests */,
			);
		};
/* End PBXProject section */

/* Begin PBXResourcesBuildPhase section */
		EBA5458C2A4DD9BC00D56AC5 /* Resources */ = {
			isa = PBXResourcesBuildPhase;
			buildActionMask = 2147483647;
			files = (
				EB87AD012A5BBB2D00C02308 /* MovementsMockList.json in Resources */,
				EB87AD002A5BBB2800C02308 /* AbilitiesMockList.json in Resources */,
				EB87ACF62A5BB72B00C02308 /* PokemonDetailMock.json in Resources */,
				EB87ACF32A5BB53100C02308 /* PokemonMockList.json in Resources */,
				EBA545992A4DD9C000D56AC5 /* Preview Assets.xcassets in Resources */,
				EBA545962A4DD9C000D56AC5 /* Assets.xcassets in Resources */,
			);
			runOnlyForDeploymentPostprocessing = 0;
		};
		EBA5459C2A4DD9C000D56AC5 /* Resources */ = {
			isa = PBXResourcesBuildPhase;
			buildActionMask = 2147483647;
			files = (
				EB87ACFB2A5BBA0A00C02308 /* AbilitiesMockList.json in Resources */,
				EB87ACF52A5BB6DE00C02308 /* PokemonDetailMock.json in Resources */,
				EB87ACFF2A5BBB1200C02308 /* MovementsMockList.json in Resources */,
				EB87ACF22A5BB0FD00C02308 /* PokemonMockList.json in Resources */,
			);
			runOnlyForDeploymentPostprocessing = 0;
		};
		EBA545A62A4DD9C000D56AC5 /* Resources */ = {
			isa = PBXResourcesBuildPhase;
			buildActionMask = 2147483647;
			files = (
			);
			runOnlyForDeploymentPostprocessing = 0;
		};
/* End PBXResourcesBuildPhase section */

/* Begin PBXSourcesBuildPhase section */
		EBA5458A2A4DD9BC00D56AC5 /* Sources */ = {
			isa = PBXSourcesBuildPhase;
			buildActionMask = 2147483647;
			files = (
				EB7E8CD72A54C7DE00436D05 /* PokemonSingleItemList.swift in Sources */,
				EB7701CB2A546BA900D7DCDA /* SideBar.swift in Sources */,
				EB4BBC802A57632A00D75636 /* PokemonAbilitiesModel.swift in Sources */,
				EBA545C62A4DF7A100D56AC5 /* OSLog+Utils.swift in Sources */,
				EB972BB52A5B4695002985A7 /* AbilitiesModel.swift in Sources */,
				EB7E8CD52A54C63E00436D05 /* PokemonListView.swift in Sources */,
				EB7701CF2A54864D00D7DCDA /* NavigationRouter.swift in Sources */,
				EB7701CD2A546E6B00D7DCDA /* SwiftUIPrevie+Device.swift in Sources */,
				EB972BA32A5B31A5002985A7 /* PokemonManager.swift in Sources */,
				EB4BBC752A559D3B00D75636 /* PokemonsGrid.swift in Sources */,
				EBA545CB2A4DF8ED00D56AC5 /* PokemonModel.swift in Sources */,
				EBA545CF2A4DFA5200D56AC5 /* PokemonDetailModel.swift in Sources */,
				EB4BBC782A55CA3F00D75636 /* PokemonDetailView.swift in Sources */,
				EB972BA92A5B33DA002985A7 /* MovementsViewModel.swift in Sources */,
				EBA545942A4DD9BC00D56AC5 /* ContentView.swift in Sources */,
				EBE2549A2A59D4D60055D252 /* PokemonDetailViewModel.swift in Sources */,
				EB972BAC2A5B3CC9002985A7 /* MovementSingleListView.swift in Sources */,
				EBA545922A4DD9BC00D56AC5 /* PokeApiApp.swift in Sources */,
				EBA545C82A4DF8AB00D56AC5 /* PokemonSingleGridView.swift in Sources */,
				EB972BB12A5B45AA002985A7 /* AbilititesViewModel.swift in Sources */,
				EBA545BD2A4DF42700D56AC5 /* ServiceManager.swift in Sources */,
				EB4BBC7C2A56EC0700D75636 /* MovementsModel.swift in Sources */,
				EB972BA52A5B31FD002985A7 /* MovementsManager.swift in Sources */,
				EB972B982A5AF5BC002985A7 /* MovesView.swift in Sources */,
				EB972BA12A5B3160002985A7 /* API.swift in Sources */,
				EB4BBC7E2A57518D00D75636 /* PokemonsTypesModel.swift in Sources */,
				EB972B9A2A5B2F96002985A7 /* MovementListView.swift in Sources */,
				EB972BB92A5B48C1002985A7 /* AbilitiesListView.swift in Sources */,
				EB4BBC7A2A56061600D75636 /* AbilitiesView.swift in Sources */,
				EBA545CD2A4DFA3800D56AC5 /* PokemonsViewModel.swift in Sources */,
				EB972BB72A5B4864002985A7 /* AbilitySingleListView.swift in Sources */,
				EB972BAE2A5B452F002985A7 /* AbilitiesManager.swift in Sources */,
				EB7701C62A546A4100D7DCDA /* MenuOptions.swift in Sources */,
			);
			runOnlyForDeploymentPostprocessing = 0;
		};
		EBA5459A2A4DD9C000D56AC5 /* Sources */ = {
			isa = PBXSourcesBuildPhase;
			buildActionMask = 2147483647;
			files = (
				EBA545A32A4DD9C000D56AC5 /* PokeApiTests.swift in Sources */,
				EB87ACE22A5BA09200C02308 /* MockPokemonManager.swift in Sources */,
			);
			runOnlyForDeploymentPostprocessing = 0;
		};
		EBA545A42A4DD9C000D56AC5 /* Sources */ = {
			isa = PBXSourcesBuildPhase;
			buildActionMask = 2147483647;
			files = (
				EBA545AF2A4DD9C000D56AC5 /* PokeApiUITestsLaunchTests.swift in Sources */,
				EBA545AD2A4DD9C000D56AC5 /* PokeApiUITests.swift in Sources */,
			);
			runOnlyForDeploymentPostprocessing = 0;
		};
/* End PBXSourcesBuildPhase section */

/* Begin PBXTargetDependency section */
		EBA545A02A4DD9C000D56AC5 /* PBXTargetDependency */ = {
			isa = PBXTargetDependency;
			target = EBA5458D2A4DD9BC00D56AC5 /* PokeApi */;
			targetProxy = EBA5459F2A4DD9C000D56AC5 /* PBXContainerItemProxy */;
		};
		EBA545AA2A4DD9C000D56AC5 /* PBXTargetDependency */ = {
			isa = PBXTargetDependency;
			target = EBA5458D2A4DD9BC00D56AC5 /* PokeApi */;
			targetProxy = EBA545A92A4DD9C000D56AC5 /* PBXContainerItemProxy */;
		};
/* End PBXTargetDependency section */

/* Begin XCBuildConfiguration section */
		EBA545B02A4DD9C000D56AC5 /* Debug */ = {
			isa = XCBuildConfiguration;
			buildSettings = {
				ALWAYS_SEARCH_USER_PATHS = NO;
				ASSETCATALOG_COMPILER_GENERATE_SWIFT_ASSET_SYMBOL_EXTENSIONS = YES;
				CLANG_ANALYZER_NONNULL = YES;
				CLANG_ANALYZER_NUMBER_OBJECT_CONVERSION = YES_AGGRESSIVE;
				CLANG_CXX_LANGUAGE_STANDARD = "gnu++20";
				CLANG_ENABLE_MODULES = YES;
				CLANG_ENABLE_OBJC_ARC = YES;
				CLANG_ENABLE_OBJC_WEAK = YES;
				CLANG_WARN_BLOCK_CAPTURE_AUTORELEASING = YES;
				CLANG_WARN_BOOL_CONVERSION = YES;
				CLANG_WARN_COMMA = YES;
				CLANG_WARN_CONSTANT_CONVERSION = YES;
				CLANG_WARN_DEPRECATED_OBJC_IMPLEMENTATIONS = YES;
				CLANG_WARN_DIRECT_OBJC_ISA_USAGE = YES_ERROR;
				CLANG_WARN_DOCUMENTATION_COMMENTS = YES;
				CLANG_WARN_EMPTY_BODY = YES;
				CLANG_WARN_ENUM_CONVERSION = YES;
				CLANG_WARN_INFINITE_RECURSION = YES;
				CLANG_WARN_INT_CONVERSION = YES;
				CLANG_WARN_NON_LITERAL_NULL_CONVERSION = YES;
				CLANG_WARN_OBJC_IMPLICIT_RETAIN_SELF = YES;
				CLANG_WARN_OBJC_LITERAL_CONVERSION = YES;
				CLANG_WARN_OBJC_ROOT_CLASS = YES_ERROR;
				CLANG_WARN_QUOTED_INCLUDE_IN_FRAMEWORK_HEADER = YES;
				CLANG_WARN_RANGE_LOOP_ANALYSIS = YES;
				CLANG_WARN_STRICT_PROTOTYPES = YES;
				CLANG_WARN_SUSPICIOUS_MOVE = YES;
				CLANG_WARN_UNGUARDED_AVAILABILITY = YES_AGGRESSIVE;
				CLANG_WARN_UNREACHABLE_CODE = YES;
				CLANG_WARN__DUPLICATE_METHOD_MATCH = YES;
				COPY_PHASE_STRIP = NO;
				DEBUG_INFORMATION_FORMAT = dwarf;
				ENABLE_STRICT_OBJC_MSGSEND = YES;
				ENABLE_TESTABILITY = YES;
				ENABLE_USER_SCRIPT_SANDBOXING = YES;
				GCC_C_LANGUAGE_STANDARD = gnu17;
				GCC_DYNAMIC_NO_PIC = NO;
				GCC_NO_COMMON_BLOCKS = YES;
				GCC_OPTIMIZATION_LEVEL = 0;
				GCC_PREPROCESSOR_DEFINITIONS = (
					"DEBUG=1",
					"$(inherited)",
				);
				GCC_WARN_64_TO_32_BIT_CONVERSION = YES;
				GCC_WARN_ABOUT_RETURN_TYPE = YES_ERROR;
				GCC_WARN_UNDECLARED_SELECTOR = YES;
				GCC_WARN_UNINITIALIZED_AUTOS = YES_AGGRESSIVE;
				GCC_WARN_UNUSED_FUNCTION = YES;
				GCC_WARN_UNUSED_VARIABLE = YES;
				IPHONEOS_DEPLOYMENT_TARGET = 17.0;
				LOCALIZATION_PREFERS_STRING_CATALOGS = YES;
				MTL_ENABLE_DEBUG_INFO = INCLUDE_SOURCE;
				MTL_FAST_MATH = YES;
				ONLY_ACTIVE_ARCH = YES;
				SDKROOT = iphoneos;
				SWIFT_ACTIVE_COMPILATION_CONDITIONS = "DEBUG $(inherited)";
				SWIFT_OPTIMIZATION_LEVEL = "-Onone";
			};
			name = Debug;
		};
		EBA545B12A4DD9C000D56AC5 /* Release */ = {
			isa = XCBuildConfiguration;
			buildSettings = {
				ALWAYS_SEARCH_USER_PATHS = NO;
				ASSETCATALOG_COMPILER_GENERATE_SWIFT_ASSET_SYMBOL_EXTENSIONS = YES;
				CLANG_ANALYZER_NONNULL = YES;
				CLANG_ANALYZER_NUMBER_OBJECT_CONVERSION = YES_AGGRESSIVE;
				CLANG_CXX_LANGUAGE_STANDARD = "gnu++20";
				CLANG_ENABLE_MODULES = YES;
				CLANG_ENABLE_OBJC_ARC = YES;
				CLANG_ENABLE_OBJC_WEAK = YES;
				CLANG_WARN_BLOCK_CAPTURE_AUTORELEASING = YES;
				CLANG_WARN_BOOL_CONVERSION = YES;
				CLANG_WARN_COMMA = YES;
				CLANG_WARN_CONSTANT_CONVERSION = YES;
				CLANG_WARN_DEPRECATED_OBJC_IMPLEMENTATIONS = YES;
				CLANG_WARN_DIRECT_OBJC_ISA_USAGE = YES_ERROR;
				CLANG_WARN_DOCUMENTATION_COMMENTS = YES;
				CLANG_WARN_EMPTY_BODY = YES;
				CLANG_WARN_ENUM_CONVERSION = YES;
				CLANG_WARN_INFINITE_RECURSION = YES;
				CLANG_WARN_INT_CONVERSION = YES;
				CLANG_WARN_NON_LITERAL_NULL_CONVERSION = YES;
				CLANG_WARN_OBJC_IMPLICIT_RETAIN_SELF = YES;
				CLANG_WARN_OBJC_LITERAL_CONVERSION = YES;
				CLANG_WARN_OBJC_ROOT_CLASS = YES_ERROR;
				CLANG_WARN_QUOTED_INCLUDE_IN_FRAMEWORK_HEADER = YES;
				CLANG_WARN_RANGE_LOOP_ANALYSIS = YES;
				CLANG_WARN_STRICT_PROTOTYPES = YES;
				CLANG_WARN_SUSPICIOUS_MOVE = YES;
				CLANG_WARN_UNGUARDED_AVAILABILITY = YES_AGGRESSIVE;
				CLANG_WARN_UNREACHABLE_CODE = YES;
				CLANG_WARN__DUPLICATE_METHOD_MATCH = YES;
				COPY_PHASE_STRIP = NO;
				DEBUG_INFORMATION_FORMAT = "dwarf-with-dsym";
				ENABLE_NS_ASSERTIONS = NO;
				ENABLE_STRICT_OBJC_MSGSEND = YES;
				ENABLE_USER_SCRIPT_SANDBOXING = YES;
				GCC_C_LANGUAGE_STANDARD = gnu17;
				GCC_NO_COMMON_BLOCKS = YES;
				GCC_WARN_64_TO_32_BIT_CONVERSION = YES;
				GCC_WARN_ABOUT_RETURN_TYPE = YES_ERROR;
				GCC_WARN_UNDECLARED_SELECTOR = YES;
				GCC_WARN_UNINITIALIZED_AUTOS = YES_AGGRESSIVE;
				GCC_WARN_UNUSED_FUNCTION = YES;
				GCC_WARN_UNUSED_VARIABLE = YES;
				IPHONEOS_DEPLOYMENT_TARGET = 17.0;
				LOCALIZATION_PREFERS_STRING_CATALOGS = YES;
				MTL_ENABLE_DEBUG_INFO = NO;
				MTL_FAST_MATH = YES;
				SDKROOT = iphoneos;
				SWIFT_COMPILATION_MODE = wholemodule;
				VALIDATE_PRODUCT = YES;
			};
			name = Release;
		};
		EBA545B32A4DD9C000D56AC5 /* Debug */ = {
			isa = XCBuildConfiguration;
			buildSettings = {
				ASSETCATALOG_COMPILER_APPICON_NAME = AppIcon;
				ASSETCATALOG_COMPILER_GLOBAL_ACCENT_COLOR_NAME = AccentColor;
				CODE_SIGN_STYLE = Automatic;
				CURRENT_PROJECT_VERSION = 1;
				DEVELOPMENT_ASSET_PATHS = "\"PokeApi/Preview Content\"";
				DEVELOPMENT_TEAM = 7577XXK6FR;
				ENABLE_PREVIEWS = YES;
				GENERATE_INFOPLIST_FILE = YES;
				INFOPLIST_FILE = PokeApi/Info.plist;
				INFOPLIST_KEY_UIApplicationSceneManifest_Generation = YES;
				INFOPLIST_KEY_UIApplicationSupportsIndirectInputEvents = YES;
				INFOPLIST_KEY_UISupportedInterfaceOrientations_iPad = "UIInterfaceOrientationPortrait UIInterfaceOrientationPortraitUpsideDown UIInterfaceOrientationLandscapeLeft UIInterfaceOrientationLandscapeRight";
				INFOPLIST_KEY_UISupportedInterfaceOrientations_iPhone = "UIInterfaceOrientationPortrait UIInterfaceOrientationLandscapeLeft UIInterfaceOrientationLandscapeRight";
				LD_RUNPATH_SEARCH_PATHS = (
					"$(inherited)",
					"@executable_path/Frameworks",
				);
				MARKETING_VERSION = 1.0;
				PRODUCT_BUNDLE_IDENTIFIER = com.PedroVillamil.PokeApi;
				PRODUCT_NAME = "$(TARGET_NAME)";
				SUPPORTED_PLATFORMS = "iphoneos iphonesimulator";
				SUPPORTS_MACCATALYST = NO;
				SUPPORTS_MAC_DESIGNED_FOR_IPHONE_IPAD = NO;
				SUPPORTS_XR_DESIGNED_FOR_IPHONE_IPAD = NO;
				SWIFT_EMIT_LOC_STRINGS = YES;
				SWIFT_VERSION = 5.0;
				TARGETED_DEVICE_FAMILY = "1,2";
			};
			name = Debug;
		};
		EBA545B42A4DD9C000D56AC5 /* Release */ = {
			isa = XCBuildConfiguration;
			buildSettings = {
				ASSETCATALOG_COMPILER_APPICON_NAME = AppIcon;
				ASSETCATALOG_COMPILER_GLOBAL_ACCENT_COLOR_NAME = AccentColor;
				CODE_SIGN_STYLE = Automatic;
				CURRENT_PROJECT_VERSION = 1;
				DEVELOPMENT_ASSET_PATHS = "\"PokeApi/Preview Content\"";
				DEVELOPMENT_TEAM = 7577XXK6FR;
				ENABLE_PREVIEWS = YES;
				GENERATE_INFOPLIST_FILE = YES;
				INFOPLIST_FILE = PokeApi/Info.plist;
				INFOPLIST_KEY_UIApplicationSceneManifest_Generation = YES;
				INFOPLIST_KEY_UIApplicationSupportsIndirectInputEvents = YES;
				INFOPLIST_KEY_UISupportedInterfaceOrientations_iPad = "UIInterfaceOrientationPortrait UIInterfaceOrientationPortraitUpsideDown UIInterfaceOrientationLandscapeLeft UIInterfaceOrientationLandscapeRight";
				INFOPLIST_KEY_UISupportedInterfaceOrientations_iPhone = "UIInterfaceOrientationPortrait UIInterfaceOrientationLandscapeLeft UIInterfaceOrientationLandscapeRight";
				LD_RUNPATH_SEARCH_PATHS = (
					"$(inherited)",
					"@executable_path/Frameworks",
				);
				MARKETING_VERSION = 1.0;
				PRODUCT_BUNDLE_IDENTIFIER = com.PedroVillamil.PokeApi;
				PRODUCT_NAME = "$(TARGET_NAME)";
				SUPPORTED_PLATFORMS = "iphoneos iphonesimulator";
				SUPPORTS_MACCATALYST = NO;
				SUPPORTS_MAC_DESIGNED_FOR_IPHONE_IPAD = NO;
				SUPPORTS_XR_DESIGNED_FOR_IPHONE_IPAD = NO;
				SWIFT_EMIT_LOC_STRINGS = YES;
				SWIFT_VERSION = 5.0;
				TARGETED_DEVICE_FAMILY = "1,2";
			};
			name = Release;
		};
		EBA545B62A4DD9C000D56AC5 /* Debug */ = {
			isa = XCBuildConfiguration;
			buildSettings = {
				ALWAYS_EMBED_SWIFT_STANDARD_LIBRARIES = YES;
				BUNDLE_LOADER = "$(TEST_HOST)";
				CODE_SIGN_STYLE = Automatic;
				CURRENT_PROJECT_VERSION = 1;
				DEVELOPMENT_TEAM = 7577XXK6FR;
				GENERATE_INFOPLIST_FILE = YES;
				IPHONEOS_DEPLOYMENT_TARGET = 17.0;
				MARKETING_VERSION = 1.0;
				PRODUCT_BUNDLE_IDENTIFIER = com.PedroVillamil.PokeApiTests;
				PRODUCT_NAME = "$(TARGET_NAME)";
				SWIFT_EMIT_LOC_STRINGS = NO;
				SWIFT_VERSION = 5.0;
				TARGETED_DEVICE_FAMILY = "1,2";
				TEST_HOST = "$(BUILT_PRODUCTS_DIR)/PokeApi.app/$(BUNDLE_EXECUTABLE_FOLDER_PATH)/PokeApi";
			};
			name = Debug;
		};
		EBA545B72A4DD9C000D56AC5 /* Release */ = {
			isa = XCBuildConfiguration;
			buildSettings = {
				ALWAYS_EMBED_SWIFT_STANDARD_LIBRARIES = YES;
				BUNDLE_LOADER = "$(TEST_HOST)";
				CODE_SIGN_STYLE = Automatic;
				CURRENT_PROJECT_VERSION = 1;
				DEVELOPMENT_TEAM = 7577XXK6FR;
				GENERATE_INFOPLIST_FILE = YES;
				IPHONEOS_DEPLOYMENT_TARGET = 17.0;
				MARKETING_VERSION = 1.0;
				PRODUCT_BUNDLE_IDENTIFIER = com.PedroVillamil.PokeApiTests;
				PRODUCT_NAME = "$(TARGET_NAME)";
				SWIFT_EMIT_LOC_STRINGS = NO;
				SWIFT_VERSION = 5.0;
				TARGETED_DEVICE_FAMILY = "1,2";
				TEST_HOST = "$(BUILT_PRODUCTS_DIR)/PokeApi.app/$(BUNDLE_EXECUTABLE_FOLDER_PATH)/PokeApi";
			};
			name = Release;
		};
		EBA545B92A4DD9C000D56AC5 /* Debug */ = {
			isa = XCBuildConfiguration;
			buildSettings = {
				ALWAYS_EMBED_SWIFT_STANDARD_LIBRARIES = YES;
				CODE_SIGN_STYLE = Automatic;
				CURRENT_PROJECT_VERSION = 1;
				DEVELOPMENT_TEAM = 7577XXK6FR;
				GENERATE_INFOPLIST_FILE = YES;
				MARKETING_VERSION = 1.0;
				PRODUCT_BUNDLE_IDENTIFIER = com.PedroVillamil.PokeApiUITests;
				PRODUCT_NAME = "$(TARGET_NAME)";
				SWIFT_EMIT_LOC_STRINGS = NO;
				SWIFT_VERSION = 5.0;
				TARGETED_DEVICE_FAMILY = "1,2";
				TEST_TARGET_NAME = PokeApi;
			};
			name = Debug;
		};
		EBA545BA2A4DD9C000D56AC5 /* Release */ = {
			isa = XCBuildConfiguration;
			buildSettings = {
				ALWAYS_EMBED_SWIFT_STANDARD_LIBRARIES = YES;
				CODE_SIGN_STYLE = Automatic;
				CURRENT_PROJECT_VERSION = 1;
				DEVELOPMENT_TEAM = 7577XXK6FR;
				GENERATE_INFOPLIST_FILE = YES;
				MARKETING_VERSION = 1.0;
				PRODUCT_BUNDLE_IDENTIFIER = com.PedroVillamil.PokeApiUITests;
				PRODUCT_NAME = "$(TARGET_NAME)";
				SWIFT_EMIT_LOC_STRINGS = NO;
				SWIFT_VERSION = 5.0;
				TARGETED_DEVICE_FAMILY = "1,2";
				TEST_TARGET_NAME = PokeApi;
			};
			name = Release;
		};
/* End XCBuildConfiguration section */

/* Begin XCConfigurationList section */
		EBA545892A4DD9BC00D56AC5 /* Build configuration list for PBXProject "PokeApi" */ = {
			isa = XCConfigurationList;
			buildConfigurations = (
				EBA545B02A4DD9C000D56AC5 /* Debug */,
				EBA545B12A4DD9C000D56AC5 /* Release */,
			);
			defaultConfigurationIsVisible = 0;
			defaultConfigurationName = Release;
		};
		EBA545B22A4DD9C000D56AC5 /* Build configuration list for PBXNativeTarget "PokeApi" */ = {
			isa = XCConfigurationList;
			buildConfigurations = (
				EBA545B32A4DD9C000D56AC5 /* Debug */,
				EBA545B42A4DD9C000D56AC5 /* Release */,
			);
			defaultConfigurationIsVisible = 0;
			defaultConfigurationName = Release;
		};
		EBA545B52A4DD9C000D56AC5 /* Build configuration list for PBXNativeTarget "PokeApiTests" */ = {
			isa = XCConfigurationList;
			buildConfigurations = (
				EBA545B62A4DD9C000D56AC5 /* Debug */,
				EBA545B72A4DD9C000D56AC5 /* Release */,
			);
			defaultConfigurationIsVisible = 0;
			defaultConfigurationName = Release;
		};
		EBA545B82A4DD9C000D56AC5 /* Build configuration list for PBXNativeTarget "PokeApiUITests" */ = {
			isa = XCConfigurationList;
			buildConfigurations = (
				EBA545B92A4DD9C000D56AC5 /* Debug */,
				EBA545BA2A4DD9C000D56AC5 /* Release */,
			);
			defaultConfigurationIsVisible = 0;
			defaultConfigurationName = Release;
		};
/* End XCConfigurationList section */

/* Begin XCRemoteSwiftPackageReference section */
		EBA545BE2A4DF44B00D56AC5 /* XCRemoteSwiftPackageReference "Alamofire" */ = {
			isa = XCRemoteSwiftPackageReference;
			repositoryURL = "https://github.com/Alamofire/Alamofire";
			requirement = {
				kind = upToNextMajorVersion;
				minimumVersion = 5.7.1;
			};
		};
		EBA545C12A4DF45800D56AC5 /* XCRemoteSwiftPackageReference "AlamofireImage" */ = {
			isa = XCRemoteSwiftPackageReference;
			repositoryURL = "https://github.com/Alamofire/AlamofireImage";
			requirement = {
				kind = upToNextMajorVersion;
				minimumVersion = 4.2.0;
			};
		};
/* End XCRemoteSwiftPackageReference section */

/* Begin XCSwiftPackageProductDependency section */
		EBA545BF2A4DF44B00D56AC5 /* Alamofire */ = {
			isa = XCSwiftPackageProductDependency;
			package = EBA545BE2A4DF44B00D56AC5 /* XCRemoteSwiftPackageReference "Alamofire" */;
			productName = Alamofire;
		};
		EBA545C22A4DF45800D56AC5 /* AlamofireImage */ = {
			isa = XCSwiftPackageProductDependency;
			package = EBA545C12A4DF45800D56AC5 /* XCRemoteSwiftPackageReference "AlamofireImage" */;
			productName = AlamofireImage;
		};
/* End XCSwiftPackageProductDependency section */
	};
	rootObject = EBA545862A4DD9BC00D56AC5 /* Project object */;
}
