// !$*UTF8*$!
{
	archiveVersion = 1;
	classes = {
	};
	objectVersion = 56;
	objects = {

/* Begin PBXBuildFile section */
		EBA545922A4DD9BC00D56AC5 /* PokeApiApp.swift in Sources */ = {isa = PBXBuildFile; fileRef = EBA545912A4DD9BC00D56AC5 /* PokeApiApp.swift */; };
		EBA545942A4DD9BC00D56AC5 /* ContentView.swift in Sources */ = {isa = PBXBuildFile; fileRef = EBA545932A4DD9BC00D56AC5 /* ContentView.swift */; };
		EBA545962A4DD9C000D56AC5 /* Assets.xcassets in Resources */ = {isa = PBXBuildFile; fileRef = EBA545952A4DD9C000D56AC5 /* Assets.xcassets */; };
		EBA545992A4DD9C000D56AC5 /* Preview Assets.xcassets in Resources */ = {isa = PBXBuildFile; fileRef = EBA545982A4DD9C000D56AC5 /* Preview Assets.xcassets */; };
		EBA545A32A4DD9C000D56AC5 /* PokeApiTests.swift in Sources */ = {isa = PBXBuildFile; fileRef = EBA545A22A4DD9C000D56AC5 /* PokeApiTests.swift */; };
		EBA545AD2A4DD9C000D56AC5 /* PokeApiUITests.swift in Sources */ = {isa = PBXBuildFile; fileRef = EBA545AC2A4DD9C000D56AC5 /* PokeApiUITests.swift */; };
		EBA545AF2A4DD9C000D56AC5 /* PokeApiUITestsLaunchTests.swift in Sources */ = {isa = PBXBuildFile; fileRef = EBA545AE2A4DD9C000D56AC5 /* PokeApiUITestsLaunchTests.swift */; };
		EBA545BD2A4DF42700D56AC5 /* ServiceManager.swift in Sources */ = {isa = PBXBuildFile; fileRef = EBA545BC2A4DF42700D56AC5 /* ServiceManager.swift */; };
		EBA545C02A4DF44B00D56AC5 /* Alamofire in Frameworks */ = {isa = PBXBuildFile; productRef = EBA545BF2A4DF44B00D56AC5 /* Alamofire */; };
		EBA545C32A4DF45800D56AC5 /* AlamofireImage in Frameworks */ = {isa = PBXBuildFile; productRef = EBA545C22A4DF45800D56AC5 /* AlamofireImage */; };
/* End PBXBuildFile section */

/* Begin PBXContainerItemProxy section */
		EBA5459F2A4DD9C000D56AC5 /* PBXContainerItemProxy */ = {
			isa = PBXContainerItemProxy;
			containerPortal = EBA545862A4DD9BC00D56AC5 /* Project object */;
			proxyType = 1;
			remoteGlobalIDString = EBA5458D2A4DD9BC00D56AC5;
			remoteInfo = PokeApi;
		};
		EBA545A92A4DD9C000D56AC5 /* PBXContainerItemProxy */ = {
			isa = PBXContainerItemProxy;
			containerPortal = EBA545862A4DD9BC00D56AC5 /* Project object */;
			proxyType = 1;
			remoteGlobalIDString = EBA5458D2A4DD9BC00D56AC5;
			remoteInfo = PokeApi;
		};
/* End PBXContainerItemProxy section */

/* Begin PBXFileReference section */
		EBA5458E2A4DD9BC00D56AC5 /* PokeApi.app */ = {isa = PBXFileReference; explicitFileType = wrapper.application; includeInIndex = 0; path = PokeApi.app; sourceTree = BUILT_PRODUCTS_DIR; };
		EBA545912A4DD9BC00D56AC5 /* PokeApiApp.swift */ = {isa = PBXFileReference; lastKnownFileType = sourcecode.swift; path = PokeApiApp.swift; sourceTree = "<group>"; };
		EBA545932A4DD9BC00D56AC5 /* ContentView.swift */ = {isa = PBXFileReference; lastKnownFileType = sourcecode.swift; path = ContentView.swift; sourceTree = "<group>"; };
		EBA545952A4DD9C000D56AC5 /* Assets.xcassets */ = {isa = PBXFileReference; lastKnownFileType = folder.assetcatalog; path = Assets.xcassets; sourceTree = "<group>"; };
		EBA545982A4DD9C000D56AC5 /* Preview Assets.xcassets */ = {isa = PBXFileReference; lastKnownFileType = folder.assetcatalog; path = "Preview Assets.xcassets"; sourceTree = "<group>"; };
		EBA5459E2A4DD9C000D56AC5 /* PokeApiTests.xctest */ = {isa = PBXFileReference; explicitFileType = wrapper.cfbundle; includeInIndex = 0; path = PokeApiTests.xctest; sourceTree = BUILT_PRODUCTS_DIR; };
		EBA545A22A4DD9C000D56AC5 /* PokeApiTests.swift */ = {isa = PBXFileReference; lastKnownFileType = sourcecode.swift; path = PokeApiTests.swift; sourceTree = "<group>"; };
		EBA545A82A4DD9C000D56AC5 /* PokeApiUITests.xctest */ = {isa = PBXFileReference; explicitFileType = wrapper.cfbundle; includeInIndex = 0; path = PokeApiUITests.xctest; sourceTree = BUILT_PRODUCTS_DIR; };
		EBA545AC2A4DD9C000D56AC5 /* PokeApiUITests.swift */ = {isa = PBXFileReference; lastKnownFileType = sourcecode.swift; path = PokeApiUITests.swift; sourceTree = "<group>"; };
		EBA545AE2A4DD9C000D56AC5 /* PokeApiUITestsLaunchTests.swift */ = {isa = PBXFileReference; lastKnownFileType = sourcecode.swift; path = PokeApiUITestsLaunchTests.swift; sourceTree = "<group>"; };
		EBA545BC2A4DF42700D56AC5 /* ServiceManager.swift */ = {isa = PBXFileReference; lastKnownFileType = sourcecode.swift; path = ServiceManager.swift; sourceTree = "<group>"; };
/* End PBXFileReference section */

/* Begin PBXFrameworksBuildPhase section */
		EBA5458B2A4DD9BC00D56AC5 /* Frameworks */ = {
			isa = PBXFrameworksBuildPhase;
			buildActionMask = 2147483647;
			files = (
				EBA545C02A4DF44B00D56AC5 /* Alamofire in Frameworks */,
				EBA545C32A4DF45800D56AC5 /* AlamofireImage in Frameworks */,
			);
			runOnlyForDeploymentPostprocessing = 0;
		};
		EBA5459B2A4DD9C000D56AC5 /* Frameworks */ = {
			isa = PBXFrameworksBuildPhase;
			buildActionMask = 2147483647;
			files = (
			);
			runOnlyForDeploymentPostprocessing = 0;
		};
		EBA545A52A4DD9C000D56AC5 /* Frameworks */ = {
			isa = PBXFrameworksBuildPhase;
			buildActionMask = 2147483647;
			files = (
			);
			runOnlyForDeploymentPostprocessing = 0;
		};
/* End PBXFrameworksBuildPhase section */

/* Begin PBXGroup section */
		EBA545852A4DD9BC00D56AC5 = {
			isa = PBXGroup;
			children = (
				EBA545902A4DD9BC00D56AC5 /* PokeApi */,
				EBA545A12A4DD9C000D56AC5 /* PokeApiTests */,
				EBA545AB2A4DD9C000D56AC5 /* PokeApiUITests */,
				EBA5458F2A4DD9BC00D56AC5 /* Products */,
			);
			sourceTree = "<group>";
		};
		EBA5458F2A4DD9BC00D56AC5 /* Products */ = {
			isa = PBXGroup;
			children = (
				EBA5458E2A4DD9BC00D56AC5 /* PokeApi.app */,
				EBA5459E2A4DD9C000D56AC5 /* PokeApiTests.xctest */,
				EBA545A82A4DD9C000D56AC5 /* PokeApiUITests.xctest */,
			);
			name = Products;
			sourceTree = "<group>";
		};
		EBA545902A4DD9BC00D56AC5 /* PokeApi */ = {
			isa = PBXGroup;
			children = (
				EBA545BB2A4DF40A00D56AC5 /* Networking */,
				EBA545912A4DD9BC00D56AC5 /* PokeApiApp.swift */,
				EBA545932A4DD9BC00D56AC5 /* ContentView.swift */,
				EBA545952A4DD9C000D56AC5 /* Assets.xcassets */,
				EBA545972A4DD9C000D56AC5 /* Preview Content */,
			);
			path = PokeApi;
			sourceTree = "<group>";
		};
		EBA545972A4DD9C000D56AC5 /* Preview Content */ = {
			isa = PBXGroup;
			children = (
				EBA545982A4DD9C000D56AC5 /* Preview Assets.xcassets */,
			);
			path = "Preview Content";
			sourceTree = "<group>";
		};
		EBA545A12A4DD9C000D56AC5 /* PokeApiTests */ = {
			isa = PBXGroup;
			children = (
				EBA545A22A4DD9C000D56AC5 /* PokeApiTests.swift */,
			);
			path = PokeApiTests;
			sourceTree = "<group>";
		};
		EBA545AB2A4DD9C000D56AC5 /* PokeApiUITests */ = {
			isa = PBXGroup;
			children = (
				EBA545AC2A4DD9C000D56AC5 /* PokeApiUITests.swift */,
				EBA545AE2A4DD9C000D56AC5 /* PokeApiUITestsLaunchTests.swift */,
			);
			path = PokeApiUITests;
			sourceTree = "<group>";
		};
		EBA545BB2A4DF40A00D56AC5 /* Networking */ = {
			isa = PBXGroup;
			children = (
				EBA545BC2A4DF42700D56AC5 /* ServiceManager.swift */,
			);
			path = Networking;
			sourceTree = "<group>";
		};
/* End PBXGroup section */

/* Begin PBXNativeTarget section */
		EBA5458D2A4DD9BC00D56AC5 /* PokeApi */ = {
			isa = PBXNativeTarget;
			buildConfigurationList = EBA545B22A4DD9C000D56AC5 /* Build configuration list for PBXNativeTarget "PokeApi" */;
			buildPhases = (
				EBA5458A2A4DD9BC00D56AC5 /* Sources */,
				EBA5458B2A4DD9BC00D56AC5 /* Frameworks */,
				EBA5458C2A4DD9BC00D56AC5 /* Resources */,
			);
			buildRules = (
			);
			dependencies = (
			);
			name = PokeApi;
			packageProductDependencies = (
				EBA545BF2A4DF44B00D56AC5 /* Alamofire */,
				EBA545C22A4DF45800D56AC5 /* AlamofireImage */,
			);
			productName = PokeApi;
			productReference = EBA5458E2A4DD9BC00D56AC5 /* PokeApi.app */;
			productType = "com.apple.product-type.application";
		};
		EBA5459D2A4DD9C000D56AC5 /* PokeApiTests */ = {
			isa = PBXNativeTarget;
			buildConfigurationList = EBA545B52A4DD9C000D56AC5 /* Build configuration list for PBXNativeTarget "PokeApiTests" */;
			buildPhases = (
				EBA5459A2A4DD9C000D56AC5 /* Sources */,
				EBA5459B2A4DD9C000D56AC5 /* Frameworks */,
				EBA5459C2A4DD9C000D56AC5 /* Resources */,
			);
			buildRules = (
			);
			dependencies = (
				EBA545A02A4DD9C000D56AC5 /* PBXTargetDependency */,
			);
			name = PokeApiTests;
			productName = PokeApiTests;
			productReference = EBA5459E2A4DD9C000D56AC5 /* PokeApiTests.xctest */;
			productType = "com.apple.product-type.bundle.unit-test";
		};
		EBA545A72A4DD9C000D56AC5 /* PokeApiUITests */ = {
			isa = PBXNativeTarget;
			buildConfigurationList = EBA545B82A4DD9C000D56AC5 /* Build configuration list for PBXNativeTarget "PokeApiUITests" */;
			buildPhases = (
				EBA545A42A4DD9C000D56AC5 /* Sources */,
				EBA545A52A4DD9C000D56AC5 /* Frameworks */,
				EBA545A62A4DD9C000D56AC5 /* Resources */,
			);
			buildRules = (
			);
			dependencies = (
				EBA545AA2A4DD9C000D56AC5 /* PBXTargetDependency */,
			);
			name = PokeApiUITests;
			productName = PokeApiUITests;
			productReference = EBA545A82A4DD9C000D56AC5 /* PokeApiUITests.xctest */;
			productType = "com.apple.product-type.bundle.ui-testing";
		};
/* End PBXNativeTarget section */

/* Begin PBXProject section */
		EBA545862A4DD9BC00D56AC5 /* Project object */ = {
			isa = PBXProject;
			attributes = {
				BuildIndependentTargetsInParallel = 1;
				LastSwiftUpdateCheck = 1500;
				LastUpgradeCheck = 1500;
				TargetAttributes = {
					EBA5458D2A4DD9BC00D56AC5 = {
						CreatedOnToolsVersion = 15.0;
					};
					EBA5459D2A4DD9C000D56AC5 = {
						CreatedOnToolsVersion = 15.0;
						TestTargetID = EBA5458D2A4DD9BC00D56AC5;
					};
					EBA545A72A4DD9C000D56AC5 = {
						CreatedOnToolsVersion = 15.0;
						TestTargetID = EBA5458D2A4DD9BC00D56AC5;
					};
				};
			};
			buildConfigurationList = EBA545892A4DD9BC00D56AC5 /* Build configuration list for PBXProject "PokeApi" */;
			compatibilityVersion = "Xcode 14.0";
			developmentRegion = en;
			hasScannedForEncodings = 0;
			knownRegions = (
				en,
				Base,
			);
			mainGroup = EBA545852A4DD9BC00D56AC5;
			packageReferences = (
				EBA545BE2A4DF44B00D56AC5 /* XCRemoteSwiftPackageReference "Alamofire" */,
				EBA545C12A4DF45800D56AC5 /* XCRemoteSwiftPackageReference "AlamofireImage" */,
			);
			productRefGroup = EBA5458F2A4DD9BC00D56AC5 /* Products */;
			projectDirPath = "";
			projectRoot = "";
			targets = (
				EBA5458D2A4DD9BC00D56AC5 /* PokeApi */,
				EBA5459D2A4DD9C000D56AC5 /* PokeApiTests */,
				EBA545A72A4DD9C000D56AC5 /* PokeApiUITests */,
			);
		};
/* End PBXProject section */

/* Begin PBXResourcesBuildPhase section */
		EBA5458C2A4DD9BC00D56AC5 /* Resources */ = {
			isa = PBXResourcesBuildPhase;
			buildActionMask = 2147483647;
			files = (
				EBA545992A4DD9C000D56AC5 /* Preview Assets.xcassets in Resources */,
				EBA545962A4DD9C000D56AC5 /* Assets.xcassets in Resources */,
			);
			runOnlyForDeploymentPostprocessing = 0;
		};
		EBA5459C2A4DD9C000D56AC5 /* Resources */ = {
			isa = PBXResourcesBuildPhase;
			buildActionMask = 2147483647;
			files = (
			);
			runOnlyForDeploymentPostprocessing = 0;
		};
		EBA545A62A4DD9C000D56AC5 /* Resources */ = {
			isa = PBXResourcesBuildPhase;
			buildActionMask = 2147483647;
			files = (
			);
			runOnlyForDeploymentPostprocessing = 0;
		};
/* End PBXResourcesBuildPhase section */

/* Begin PBXSourcesBuildPhase section */
		EBA5458A2A4DD9BC00D56AC5 /* Sources */ = {
			isa = PBXSourcesBuildPhase;
			buildActionMask = 2147483647;
			files = (
				EBA545942A4DD9BC00D56AC5 /* ContentView.swift in Sources */,
				EBA545922A4DD9BC00D56AC5 /* PokeApiApp.swift in Sources */,
				EBA545BD2A4DF42700D56AC5 /* ServiceManager.swift in Sources */,
			);
			runOnlyForDeploymentPostprocessing = 0;
		};
		EBA5459A2A4DD9C000D56AC5 /* Sources */ = {
			isa = PBXSourcesBuildPhase;
			buildActionMask = 2147483647;
			files = (
				EBA545A32A4DD9C000D56AC5 /* PokeApiTests.swift in Sources */,
			);
			runOnlyForDeploymentPostprocessing = 0;
		};
		EBA545A42A4DD9C000D56AC5 /* Sources */ = {
			isa = PBXSourcesBuildPhase;
			buildActionMask = 2147483647;
			files = (
				EBA545AF2A4DD9C000D56AC5 /* PokeApiUITestsLaunchTests.swift in Sources */,
				EBA545AD2A4DD9C000D56AC5 /* PokeApiUITests.swift in Sources */,
			);
			runOnlyForDeploymentPostprocessing = 0;
		};
/* End PBXSourcesBuildPhase section */

/* Begin PBXTargetDependency section */
		EBA545A02A4DD9C000D56AC5 /* PBXTargetDependency */ = {
			isa = PBXTargetDependency;
			target = EBA5458D2A4DD9BC00D56AC5 /* PokeApi */;
			targetProxy = EBA5459F2A4DD9C000D56AC5 /* PBXContainerItemProxy */;
		};
		EBA545AA2A4DD9C000D56AC5 /* PBXTargetDependency */ = {
			isa = PBXTargetDependency;
			target = EBA5458D2A4DD9BC00D56AC5 /* PokeApi */;
			targetProxy = EBA545A92A4DD9C000D56AC5 /* PBXContainerItemProxy */;
		};
/* End PBXTargetDependency section */

/* Begin XCBuildConfiguration section */
		EBA545B02A4DD9C000D56AC5 /* Debug */ = {
			isa = XCBuildConfiguration;
			buildSettings = {
				ALWAYS_SEARCH_USER_PATHS = NO;
				ASSETCATALOG_COMPILER_GENERATE_SWIFT_ASSET_SYMBOL_EXTENSIONS = YES;
				CLANG_ANALYZER_NONNULL = YES;
				CLANG_ANALYZER_NUMBER_OBJECT_CONVERSION = YES_AGGRESSIVE;
				CLANG_CXX_LANGUAGE_STANDARD = "gnu++20";
				CLANG_ENABLE_MODULES = YES;
				CLANG_ENABLE_OBJC_ARC = YES;
				CLANG_ENABLE_OBJC_WEAK = YES;
				CLANG_WARN_BLOCK_CAPTURE_AUTORELEASING = YES;
				CLANG_WARN_BOOL_CONVERSION = YES;
				CLANG_WARN_COMMA = YES;
				CLANG_WARN_CONSTANT_CONVERSION = YES;
				CLANG_WARN_DEPRECATED_OBJC_IMPLEMENTATIONS = YES;
				CLANG_WARN_DIRECT_OBJC_ISA_USAGE = YES_ERROR;
				CLANG_WARN_DOCUMENTATION_COMMENTS = YES;
				CLANG_WARN_EMPTY_BODY = YES;
				CLANG_WARN_ENUM_CONVERSION = YES;
				CLANG_WARN_INFINITE_RECURSION = YES;
				CLANG_WARN_INT_CONVERSION = YES;
				CLANG_WARN_NON_LITERAL_NULL_CONVERSION = YES;
				CLANG_WARN_OBJC_IMPLICIT_RETAIN_SELF = YES;
				CLANG_WARN_OBJC_LITERAL_CONVERSION = YES;
				CLANG_WARN_OBJC_ROOT_CLASS = YES_ERROR;
				CLANG_WARN_QUOTED_INCLUDE_IN_FRAMEWORK_HEADER = YES;
				CLANG_WARN_RANGE_LOOP_ANALYSIS = YES;
				CLANG_WARN_STRICT_PROTOTYPES = YES;
				CLANG_WARN_SUSPICIOUS_MOVE = YES;
				CLANG_WARN_UNGUARDED_AVAILABILITY = YES_AGGRESSIVE;
				CLANG_WARN_UNREACHABLE_CODE = YES;
				CLANG_WARN__DUPLICATE_METHOD_MATCH = YES;
				COPY_PHASE_STRIP = NO;
				DEBUG_INFORMATION_FORMAT = dwarf;
				ENABLE_STRICT_OBJC_MSGSEND = YES;
				ENABLE_TESTABILITY = YES;
				ENABLE_USER_SCRIPT_SANDBOXING = YES;
				GCC_C_LANGUAGE_STANDARD = gnu17;
				GCC_DYNAMIC_NO_PIC = NO;
				GCC_NO_COMMON_BLOCKS = YES;
				GCC_OPTIMIZATION_LEVEL = 0;
				GCC_PREPROCESSOR_DEFINITIONS = (
					"DEBUG=1",
					"$(inherited)",
				);
				GCC_WARN_64_TO_32_BIT_CONVERSION = YES;
				GCC_WARN_ABOUT_RETURN_TYPE = YES_ERROR;
				GCC_WARN_UNDECLARED_SELECTOR = YES;
				GCC_WARN_UNINITIALIZED_AUTOS = YES_AGGRESSIVE;
				GCC_WARN_UNUSED_FUNCTION = YES;
				GCC_WARN_UNUSED_VARIABLE = YES;
				IPHONEOS_DEPLOYMENT_TARGET = 17.0;
				LOCALIZATION_PREFERS_STRING_CATALOGS = YES;
				MTL_ENABLE_DEBUG_INFO = INCLUDE_SOURCE;
				MTL_FAST_MATH = YES;
				ONLY_ACTIVE_ARCH = YES;
				SDKROOT = iphoneos;
				SWIFT_ACTIVE_COMPILATION_CONDITIONS = "DEBUG $(inherited)";
				SWIFT_OPTIMIZATION_LEVEL = "-Onone";
			};
			name = Debug;
		};
		EBA545B12A4DD9C000D56AC5 /* Release */ = {
			isa = XCBuildConfiguration;
			buildSettings = {
				ALWAYS_SEARCH_USER_PATHS = NO;
				ASSETCATALOG_COMPILER_GENERATE_SWIFT_ASSET_SYMBOL_EXTENSIONS = YES;
				CLANG_ANALYZER_NONNULL = YES;
				CLANG_ANALYZER_NUMBER_OBJECT_CONVERSION = YES_AGGRESSIVE;
				CLANG_CXX_LANGUAGE_STANDARD = "gnu++20";
				CLANG_ENABLE_MODULES = YES;
				CLANG_ENABLE_OBJC_ARC = YES;
				CLANG_ENABLE_OBJC_WEAK = YES;
				CLANG_WARN_BLOCK_CAPTURE_AUTORELEASING = YES;
				CLANG_WARN_BOOL_CONVERSION = YES;
				CLANG_WARN_COMMA = YES;
				CLANG_WARN_CONSTANT_CONVERSION = YES;
				CLANG_WARN_DEPRECATED_OBJC_IMPLEMENTATIONS = YES;
				CLANG_WARN_DIRECT_OBJC_ISA_USAGE = YES_ERROR;
				CLANG_WARN_DOCUMENTATION_COMMENTS = YES;
				CLANG_WARN_EMPTY_BODY = YES;
				CLANG_WARN_ENUM_CONVERSION = YES;
				CLANG_WARN_INFINITE_RECURSION = YES;
				CLANG_WARN_INT_CONVERSION = YES;
				CLANG_WARN_NON_LITERAL_NULL_CONVERSION = YES;
				CLANG_WARN_OBJC_IMPLICIT_RETAIN_SELF = YES;
				CLANG_WARN_OBJC_LITERAL_CONVERSION = YES;
				CLANG_WARN_OBJC_ROOT_CLASS = YES_ERROR;
				CLANG_WARN_QUOTED_INCLUDE_IN_FRAMEWORK_HEADER = YES;
				CLANG_WARN_RANGE_LOOP_ANALYSIS = YES;
				CLANG_WARN_STRICT_PROTOTYPES = YES;
				CLANG_WARN_SUSPICIOUS_MOVE = YES;
				CLANG_WARN_UNGUARDED_AVAILABILITY = YES_AGGRESSIVE;
				CLANG_WARN_UNREACHABLE_CODE = YES;
				CLANG_WARN__DUPLICATE_METHOD_MATCH = YES;
				COPY_PHASE_STRIP = NO;
				DEBUG_INFORMATION_FORMAT = "dwarf-with-dsym";
				ENABLE_NS_ASSERTIONS = NO;
				ENABLE_STRICT_OBJC_MSGSEND = YES;
				ENABLE_USER_SCRIPT_SANDBOXING = YES;
				GCC_C_LANGUAGE_STANDARD = gnu17;
				GCC_NO_COMMON_BLOCKS = YES;
				GCC_WARN_64_TO_32_BIT_CONVERSION = YES;
				GCC_WARN_ABOUT_RETURN_TYPE = YES_ERROR;
				GCC_WARN_UNDECLARED_SELECTOR = YES;
				GCC_WARN_UNINITIALIZED_AUTOS = YES_AGGRESSIVE;
				GCC_WARN_UNUSED_FUNCTION = YES;
				GCC_WARN_UNUSED_VARIABLE = YES;
				IPHONEOS_DEPLOYMENT_TARGET = 17.0;
				LOCALIZATION_PREFERS_STRING_CATALOGS = YES;
				MTL_ENABLE_DEBUG_INFO = NO;
				MTL_FAST_MATH = YES;
				SDKROOT = iphoneos;
				SWIFT_COMPILATION_MODE = wholemodule;
				VALIDATE_PRODUCT = YES;
			};
			name = Release;
		};
		EBA545B32A4DD9C000D56AC5 /* Debug */ = {
			isa = XCBuildConfiguration;
			buildSettings = {
				ASSETCATALOG_COMPILER_APPICON_NAME = AppIcon;
				ASSETCATALOG_COMPILER_GLOBAL_ACCENT_COLOR_NAME = AccentColor;
				CODE_SIGN_STYLE = Automatic;
				CURRENT_PROJECT_VERSION = 1;
				DEVELOPMENT_ASSET_PATHS = "\"PokeApi/Preview Content\"";
				DEVELOPMENT_TEAM = 7577XXK6FR;
				ENABLE_PREVIEWS = YES;
				GENERATE_INFOPLIST_FILE = YES;
				INFOPLIST_KEY_UIApplicationSceneManifest_Generation = YES;
				INFOPLIST_KEY_UIApplicationSupportsIndirectInputEvents = YES;
				INFOPLIST_KEY_UILaunchScreen_Generation = YES;
				INFOPLIST_KEY_UISupportedInterfaceOrientations_iPad = "UIInterfaceOrientationPortrait UIInterfaceOrientationPortraitUpsideDown UIInterfaceOrientationLandscapeLeft UIInterfaceOrientationLandscapeRight";
				INFOPLIST_KEY_UISupportedInterfaceOrientations_iPhone = "UIInterfaceOrientationPortrait UIInterfaceOrientationLandscapeLeft UIInterfaceOrientationLandscapeRight";
				LD_RUNPATH_SEARCH_PATHS = (
					"$(inherited)",
					"@executable_path/Frameworks",
				);
				MARKETING_VERSION = 1.0;
				PRODUCT_BUNDLE_IDENTIFIER = com.PedroVillamil.PokeApi;
				PRODUCT_NAME = "$(TARGET_NAME)";
				SWIFT_EMIT_LOC_STRINGS = YES;
				SWIFT_VERSION = 5.0;
				TARGETED_DEVICE_FAMILY = "1,2";
			};
			name = Debug;
		};
		EBA545B42A4DD9C000D56AC5 /* Release */ = {
			isa = XCBuildConfiguration;
			buildSettings = {
				ASSETCATALOG_COMPILER_APPICON_NAME = AppIcon;
				ASSETCATALOG_COMPILER_GLOBAL_ACCENT_COLOR_NAME = AccentColor;
				CODE_SIGN_STYLE = Automatic;
				CURRENT_PROJECT_VERSION = 1;
				DEVELOPMENT_ASSET_PATHS = "\"PokeApi/Preview Content\"";
				DEVELOPMENT_TEAM = 7577XXK6FR;
				ENABLE_PREVIEWS = YES;
				GENERATE_INFOPLIST_FILE = YES;
				INFOPLIST_KEY_UIApplicationSceneManifest_Generation = YES;
				INFOPLIST_KEY_UIApplicationSupportsIndirectInputEvents = YES;
				INFOPLIST_KEY_UILaunchScreen_Generation = YES;
				INFOPLIST_KEY_UISupportedInterfaceOrientations_iPad = "UIInterfaceOrientationPortrait UIInterfaceOrientationPortraitUpsideDown UIInterfaceOrientationLandscapeLeft UIInterfaceOrientationLandscapeRight";
				INFOPLIST_KEY_UISupportedInterfaceOrientations_iPhone = "UIInterfaceOrientationPortrait UIInterfaceOrientationLandscapeLeft UIInterfaceOrientationLandscapeRight";
				LD_RUNPATH_SEARCH_PATHS = (
					"$(inherited)",
					"@executable_path/Frameworks",
				);
				MARKETING_VERSION = 1.0;
				PRODUCT_BUNDLE_IDENTIFIER = com.PedroVillamil.PokeApi;
				PRODUCT_NAME = "$(TARGET_NAME)";
				SWIFT_EMIT_LOC_STRINGS = YES;
				SWIFT_VERSION = 5.0;
				TARGETED_DEVICE_FAMILY = "1,2";
			};
			name = Release;
		};
		EBA545B62A4DD9C000D56AC5 /* Debug */ = {
			isa = XCBuildConfiguration;
			buildSettings = {
				ALWAYS_EMBED_SWIFT_STANDARD_LIBRARIES = YES;
				BUNDLE_LOADER = "$(TEST_HOST)";
				CODE_SIGN_STYLE = Automatic;
				CURRENT_PROJECT_VERSION = 1;
				DEVELOPMENT_TEAM = 7577XXK6FR;
				GENERATE_INFOPLIST_FILE = YES;
				IPHONEOS_DEPLOYMENT_TARGET = 17.0;
				MARKETING_VERSION = 1.0;
				PRODUCT_BUNDLE_IDENTIFIER = com.PedroVillamil.PokeApiTests;
				PRODUCT_NAME = "$(TARGET_NAME)";
				SWIFT_EMIT_LOC_STRINGS = NO;
				SWIFT_VERSION = 5.0;
				TARGETED_DEVICE_FAMILY = "1,2";
				TEST_HOST = "$(BUILT_PRODUCTS_DIR)/PokeApi.app/$(BUNDLE_EXECUTABLE_FOLDER_PATH)/PokeApi";
			};
			name = Debug;
		};
		EBA545B72A4DD9C000D56AC5 /* Release */ = {
			isa = XCBuildConfiguration;
			buildSettings = {
				ALWAYS_EMBED_SWIFT_STANDARD_LIBRARIES = YES;
				BUNDLE_LOADER = "$(TEST_HOST)";
				CODE_SIGN_STYLE = Automatic;
				CURRENT_PROJECT_VERSION = 1;
				DEVELOPMENT_TEAM = 7577XXK6FR;
				GENERATE_INFOPLIST_FILE = YES;
				IPHONEOS_DEPLOYMENT_TARGET = 17.0;
				MARKETING_VERSION = 1.0;
				PRODUCT_BUNDLE_IDENTIFIER = com.PedroVillamil.PokeApiTests;
				PRODUCT_NAME = "$(TARGET_NAME)";
				SWIFT_EMIT_LOC_STRINGS = NO;
				SWIFT_VERSION = 5.0;
				TARGETED_DEVICE_FAMILY = "1,2";
				TEST_HOST = "$(BUILT_PRODUCTS_DIR)/PokeApi.app/$(BUNDLE_EXECUTABLE_FOLDER_PATH)/PokeApi";
			};
			name = Release;
		};
		EBA545B92A4DD9C000D56AC5 /* Debug */ = {
			isa = XCBuildConfiguration;
			buildSettings = {
				ALWAYS_EMBED_SWIFT_STANDARD_LIBRARIES = YES;
				CODE_SIGN_STYLE = Automatic;
				CURRENT_PROJECT_VERSION = 1;
				DEVELOPMENT_TEAM = 7577XXK6FR;
				GENERATE_INFOPLIST_FILE = YES;
				MARKETING_VERSION = 1.0;
				PRODUCT_BUNDLE_IDENTIFIER = com.PedroVillamil.PokeApiUITests;
				PRODUCT_NAME = "$(TARGET_NAME)";
				SWIFT_EMIT_LOC_STRINGS = NO;
				SWIFT_VERSION = 5.0;
				TARGETED_DEVICE_FAMILY = "1,2";
				TEST_TARGET_NAME = PokeApi;
			};
			name = Debug;
		};
		EBA545BA2A4DD9C000D56AC5 /* Release */ = {
			isa = XCBuildConfiguration;
			buildSettings = {
				ALWAYS_EMBED_SWIFT_STANDARD_LIBRARIES = YES;
				CODE_SIGN_STYLE = Automatic;
				CURRENT_PROJECT_VERSION = 1;
				DEVELOPMENT_TEAM = 7577XXK6FR;
				GENERATE_INFOPLIST_FILE = YES;
				MARKETING_VERSION = 1.0;
				PRODUCT_BUNDLE_IDENTIFIER = com.PedroVillamil.PokeApiUITests;
				PRODUCT_NAME = "$(TARGET_NAME)";
				SWIFT_EMIT_LOC_STRINGS = NO;
				SWIFT_VERSION = 5.0;
				TARGETED_DEVICE_FAMILY = "1,2";
				TEST_TARGET_NAME = PokeApi;
			};
			name = Release;
		};
/* End XCBuildConfiguration section */

/* Begin XCConfigurationList section */
		EBA545892A4DD9BC00D56AC5 /* Build configuration list for PBXProject "PokeApi" */ = {
			isa = XCConfigurationList;
			buildConfigurations = (
				EBA545B02A4DD9C000D56AC5 /* Debug */,
				EBA545B12A4DD9C000D56AC5 /* Release */,
			);
			defaultConfigurationIsVisible = 0;
			defaultConfigurationName = Release;
		};
		EBA545B22A4DD9C000D56AC5 /* Build configuration list for PBXNativeTarget "PokeApi" */ = {
			isa = XCConfigurationList;
			buildConfigurations = (
				EBA545B32A4DD9C000D56AC5 /* Debug */,
				EBA545B42A4DD9C000D56AC5 /* Release */,
			);
			defaultConfigurationIsVisible = 0;
			defaultConfigurationName = Release;
		};
		EBA545B52A4DD9C000D56AC5 /* Build configuration list for PBXNativeTarget "PokeApiTests" */ = {
			isa = XCConfigurationList;
			buildConfigurations = (
				EBA545B62A4DD9C000D56AC5 /* Debug */,
				EBA545B72A4DD9C000D56AC5 /* Release */,
			);
			defaultConfigurationIsVisible = 0;
			defaultConfigurationName = Release;
		};
		EBA545B82A4DD9C000D56AC5 /* Build configuration list for PBXNativeTarget "PokeApiUITests" */ = {
			isa = XCConfigurationList;
			buildConfigurations = (
				EBA545B92A4DD9C000D56AC5 /* Debug */,
				EBA545BA2A4DD9C000D56AC5 /* Release */,
			);
			defaultConfigurationIsVisible = 0;
			defaultConfigurationName = Release;
		};
/* End XCConfigurationList section */

/* Begin XCRemoteSwiftPackageReference section */
		EBA545BE2A4DF44B00D56AC5 /* XCRemoteSwiftPackageReference "Alamofire" */ = {
			isa = XCRemoteSwiftPackageReference;
			repositoryURL = "https://github.com/Alamofire/Alamofire";
			requirement = {
				kind = upToNextMajorVersion;
				minimumVersion = 5.7.1;
			};
		};
		EBA545C12A4DF45800D56AC5 /* XCRemoteSwiftPackageReference "AlamofireImage" */ = {
			isa = XCRemoteSwiftPackageReference;
			repositoryURL = "https://github.com/Alamofire/AlamofireImage";
			requirement = {
				kind = upToNextMajorVersion;
				minimumVersion = 4.2.0;
			};
		};
/* End XCRemoteSwiftPackageReference section */

/* Begin XCSwiftPackageProductDependency section */
		EBA545BF2A4DF44B00D56AC5 /* Alamofire */ = {
			isa = XCSwiftPackageProductDependency;
			package = EBA545BE2A4DF44B00D56AC5 /* XCRemoteSwiftPackageReference "Alamofire" */;
			productName = Alamofire;
		};
		EBA545C22A4DF45800D56AC5 /* AlamofireImage */ = {
			isa = XCSwiftPackageProductDependency;
			package = EBA545C12A4DF45800D56AC5 /* XCRemoteSwiftPackageReference "AlamofireImage" */;
			productName = AlamofireImage;
		};
/* End XCSwiftPackageProductDependency section */
	};
	rootObject = EBA545862A4DD9BC00D56AC5 /* Project object */;
}
